<?xml version="1.0" encoding="utf-8"?>
<Project ToolsVersion="4.0" xmlns="http://schemas.microsoft.com/developer/msbuild/2003">
  <ItemGroup>
    <Filter Include="源文件">
      <UniqueIdentifier>{4FC737F1-C7A5-4376-A066-2A32D752A2FF}</UniqueIdentifier>
      <Extensions>cpp;c;cc;cxx;c++;cppm;ixx;def;odl;idl;hpj;bat;asm;asmx</Extensions>
    </Filter>
    <Filter Include="头文件">
      <UniqueIdentifier>{93995380-89BD-4b04-88EB-625FBE52EBFB}</UniqueIdentifier>
      <Extensions>h;hh;hpp;hxx;h++;hm;inl;inc;ipp;xsd</Extensions>
    </Filter>
    <Filter Include="资源文件">
      <UniqueIdentifier>{67DA6AB6-F800-4c08-8B7A-83BB121AAD01}</UniqueIdentifier>
      <Extensions>rc;ico;cur;bmp;dlg;rc2;rct;bin;rgs;gif;jpg;jpeg;jpe;resx;tiff;tif;png;wav;mfcribbon-ms</Extensions>
    </Filter>
  </ItemGroup>
  <ItemGroup>
    <ClCompile Include="main.cpp">
      <Filter>源文件</Filter>
    </ClCompile>
    <ClCompile Include="UserLX.cpp">
      <Filter>源文件</Filter>
    </ClCompile>
    <ClCompile Include="GroupLX.cpp">
      <Filter>源文件</Filter>
    </ClCompile>
    <ClCompile Include="ServiceLX.cpp">
      <Filter>源文件</Filter>
    </ClCompile>
    <ClCompile Include="FriendLX.cpp">
      <Filter>源文件</Filter>
    </ClCompile>
    <ClCompile Include="AdminMenuLX.cpp">
      <Filter>源文件</Filter>
    </ClCompile>
    <ClCompile Include="UserMenuLX.cpp">
      <Filter>源文件</Filter>
    </ClCompile>
    <ClCompile Include="ManagerLX.cpp">
      <Filter>源文件</Filter>
    </ClCompile>
    <ClCompile Include="CommunicationSystemLX.cpp">
      <Filter>源文件</Filter>
    </ClCompile>
    <ClCompile Include="DatabaseLX.cpp">
      <Filter>源文件</Filter>
    </ClCompile>
    <ClCompile Include="LoggerLX.cpp">
      <Filter>源文件</Filter>
    </ClCompile>
  </ItemGroup>
  <ItemGroup>
    <ClInclude Include="UserLX.h">
      <Filter>头文件</Filter>
    </ClInclude>
    <ClInclude Include="GroupLX.h">
      <Filter>头文件</Filter>
    </ClInclude>
    <ClInclude Include="ServiceLX.h">
      <Filter>头文件</Filter>
    </ClInclude>
    <ClInclude Include="FriendLX.h">
      <Filter>头文件</Filter>
    </ClInclude>
    <ClInclude Include="AdminMenuLX.h">
      <Filter>头文件</Filter>
    </ClInclude>
    <ClInclude Include="UserMenuLX.h">
      <Filter>头文件</Filter>
    </ClInclude>
    <ClInclude Include="ManagerLX.h">
      <Filter>头文件</Filter>
    </ClInclude>
    <ClInclude Include="CommunicationSystemLX.h">
      <Filter>头文件</Filter>
    </ClInclude>
    <ClInclude Include="DatabaseLX.h">
      <Filter>头文件</Filter>
    </ClInclude>
    <ClInclude Include="LoggerLX.h">
      <Filter>头文件</Filter>
    </ClInclude>
  </ItemGroup>
</Project>